// !$*UTF8*$!
{
	archiveVersion = 1;
	classes = {
	};
	objectVersion = 46;
	objects = {

/* Begin PBXBuildFile section */
		C127BF4B1BC94EDA00E6A76A /* AppDelegate.swift in Sources */ = {isa = PBXBuildFile; fileRef = C127BF4A1BC94EDA00E6A76A /* AppDelegate.swift */; };
		C127BF4D1BC94EDA00E6A76A /* ViewController.swift in Sources */ = {isa = PBXBuildFile; fileRef = C127BF4C1BC94EDA00E6A76A /* ViewController.swift */; };
		C127BF501BC94EDA00E6A76A /* Main.storyboard in Resources */ = {isa = PBXBuildFile; fileRef = C127BF4E1BC94EDA00E6A76A /* Main.storyboard */; };
		C127BF521BC94EDA00E6A76A /* Assets.xcassets in Resources */ = {isa = PBXBuildFile; fileRef = C127BF511BC94EDA00E6A76A /* Assets.xcassets */; };
		C127BF551BC94EDA00E6A76A /* LaunchScreen.storyboard in Resources */ = {isa = PBXBuildFile; fileRef = C127BF531BC94EDA00E6A76A /* LaunchScreen.storyboard */; };
		C1A9C19B1BC950060061BB2E /* BLENumbers.swift in Sources */ = {isa = PBXBuildFile; fileRef = C1A9C1991BC950060061BB2E /* BLENumbers.swift */; settings = {ASSET_TAGS = (); }; };
		C1A9C19C1BC950060061BB2E /* HeartRateMeasurement.swift in Sources */ = {isa = PBXBuildFile; fileRef = C1A9C19A1BC950060061BB2E /* HeartRateMeasurement.swift */; settings = {ASSET_TAGS = (); }; };
/* End PBXBuildFile section */

/* Begin PBXFileReference section */
		C127BF471BC94EDA00E6A76A /* StressMeter.app */ = {isa = PBXFileReference; explicitFileType = wrapper.application; includeInIndex = 0; path = StressMeter.app; sourceTree = BUILT_PRODUCTS_DIR; };
		C127BF4A1BC94EDA00E6A76A /* AppDelegate.swift */ = {isa = PBXFileReference; lastKnownFileType = sourcecode.swift; path = AppDelegate.swift; sourceTree = "<group>"; };
		C127BF4C1BC94EDA00E6A76A /* ViewController.swift */ = {isa = PBXFileReference; lastKnownFileType = sourcecode.swift; path = ViewController.swift; sourceTree = "<group>"; };
		C127BF4F1BC94EDA00E6A76A /* Base */ = {isa = PBXFileReference; lastKnownFileType = file.storyboard; name = Base; path = Base.lproj/Main.storyboard; sourceTree = "<group>"; };
		C127BF511BC94EDA00E6A76A /* Assets.xcassets */ = {isa = PBXFileReference; lastKnownFileType = folder.assetcatalog; path = Assets.xcassets; sourceTree = "<group>"; };
		C127BF541BC94EDA00E6A76A /* Base */ = {isa = PBXFileReference; lastKnownFileType = file.storyboard; name = Base; path = Base.lproj/LaunchScreen.storyboard; sourceTree = "<group>"; };
		C127BF561BC94EDA00E6A76A /* Info.plist */ = {isa = PBXFileReference; lastKnownFileType = text.plist.xml; path = Info.plist; sourceTree = "<group>"; };
		C1A9C1991BC950060061BB2E /* BLENumbers.swift */ = {isa = PBXFileReference; fileEncoding = 4; lastKnownFileType = sourcecode.swift; path = BLENumbers.swift; sourceTree = "<group>"; };
		C1A9C19A1BC950060061BB2E /* HeartRateMeasurement.swift */ = {isa = PBXFileReference; fileEncoding = 4; lastKnownFileType = sourcecode.swift; path = HeartRateMeasurement.swift; sourceTree = "<group>"; };
/* End PBXFileReference section */

/* Begin PBXFrameworksBuildPhase section */
		C127BF441BC94EDA00E6A76A /* Frameworks */ = {
			isa = PBXFrameworksBuildPhase;
			buildActionMask = 2147483647;
			files = (
			);
			runOnlyForDeploymentPostprocessing = 0;
		};
/* End PBXFrameworksBuildPhase section */

/* Begin PBXGroup section */
		C127BF3E1BC94EDA00E6A76A = {
			isa = PBXGroup;
			children = (
				C127BF491BC94EDA00E6A76A /* StressMeter */,
				C127BF481BC94EDA00E6A76A /* Products */,
			);
			sourceTree = "<group>";
		};
		C127BF481BC94EDA00E6A76A /* Products */ = {
			isa = PBXGroup;
			children = (
				C127BF471BC94EDA00E6A76A /* StressMeter.app */,
			);
			name = Products;
			sourceTree = "<group>";
		};
		C127BF491BC94EDA00E6A76A /* StressMeter */ = {
			isa = PBXGroup;
			children = (
				C1A9C1991BC950060061BB2E /* BLENumbers.swift */,
				C1A9C19A1BC950060061BB2E /* HeartRateMeasurement.swift */,
				C127BF4A1BC94EDA00E6A76A /* AppDelegate.swift */,
				C127BF4C1BC94EDA00E6A76A /* ViewController.swift */,
				C127BF4E1BC94EDA00E6A76A /* Main.storyboard */,
				C127BF511BC94EDA00E6A76A /* Assets.xcassets */,
				C127BF531BC94EDA00E6A76A /* LaunchScreen.storyboard */,
				C127BF561BC94EDA00E6A76A /* Info.plist */,
			);
			path = StressMeter;
			sourceTree = "<group>";
		};
/* End PBXGroup section */

/* Begin PBXNativeTarget section */
		C127BF461BC94EDA00E6A76A /* StressMeter */ = {
			isa = PBXNativeTarget;
			buildConfigurationList = C127BF591BC94EDA00E6A76A /* Build configuration list for PBXNativeTarget "StressMeter" */;
			buildPhases = (
				C127BF431BC94EDA00E6A76A /* Sources */,
				C127BF441BC94EDA00E6A76A /* Frameworks */,
				C127BF451BC94EDA00E6A76A /* Resources */,
			);
			buildRules = (
			);
			dependencies = (
			);
			name = StressMeter;
			productName = StressMeter;
			productReference = C127BF471BC94EDA00E6A76A /* StressMeter.app */;
			productType = "com.apple.product-type.application";
		};
/* End PBXNativeTarget section */

/* Begin PBXProject section */
		C127BF3F1BC94EDA00E6A76A /* Project object */ = {
			isa = PBXProject;
			attributes = {
				LastUpgradeCheck = 0700;
				ORGANIZATIONNAME = "Doug Wait";
				TargetAttributes = {
					C127BF461BC94EDA00E6A76A = {
						CreatedOnToolsVersion = 7.0.1;
						DevelopmentTeam = LAX5BC3W58;
					};
				};
			};
			buildConfigurationList = C127BF421BC94EDA00E6A76A /* Build configuration list for PBXProject "StressMeter" */;
			compatibilityVersion = "Xcode 3.2";
			developmentRegion = English;
			hasScannedForEncodings = 0;
			knownRegions = (
				en,
				Base,
			);
			mainGroup = C127BF3E1BC94EDA00E6A76A;
			productRefGroup = C127BF481BC94EDA00E6A76A /* Products */;
			projectDirPath = "";
			projectRoot = "";
			targets = (
				C127BF461BC94EDA00E6A76A /* StressMeter */,
			);
		};
/* End PBXProject section */

/* Begin PBXResourcesBuildPhase section */
		C127BF451BC94EDA00E6A76A /* Resources */ = {
			isa = PBXResourcesBuildPhase;
			buildActionMask = 2147483647;
			files = (
				C127BF551BC94EDA00E6A76A /* LaunchScreen.storyboard in Resources */,
				C127BF521BC94EDA00E6A76A /* Assets.xcassets in Resources */,
				C127BF501BC94EDA00E6A76A /* Main.storyboard in Resources */,
			);
			runOnlyForDeploymentPostprocessing = 0;
		};
/* End PBXResourcesBuildPhase section */

/* Begin PBXSourcesBuildPhase section */
		C127BF431BC94EDA00E6A76A /* Sources */ = {
			isa = PBXSourcesBuildPhase;
			buildActionMask = 2147483647;
			files = (
				C127BF4D1BC94EDA00E6A76A /* ViewController.swift in Sources */,
				C127BF4B1BC94EDA00E6A76A /* AppDelegate.swift in Sources */,
				C1A9C19B1BC950060061BB2E /* BLENumbers.swift in Sources */,
				C1A9C19C1BC950060061BB2E /* HeartRateMeasurement.swift in Sources */,
			);
			runOnlyForDeploymentPostprocessing = 0;
		};
/* End PBXSourcesBuildPhase section */

/* Begin PBXVariantGroup section */
		C127BF4E1BC94EDA00E6A76A /* Main.storyboard */ = {
			isa = PBXVariantGroup;
			children = (
				C127BF4F1BC94EDA00E6A76A /* Base */,
			);
			name = Main.storyboard;
			sourceTree = "<group>";
		};
		C127BF531BC94EDA00E6A76A /* LaunchScreen.storyboard */ = {
			isa = PBXVariantGroup;
			children = (
				C127BF541BC94EDA00E6A76A /* Base */,
			);
			name = LaunchScreen.storyboard;
			sourceTree = "<group>";
		};
/* End PBXVariantGroup section */

/* Begin XCBuildConfiguration section */
		C127BF571BC94EDA00E6A76A /* Debug */ = {
			isa = XCBuildConfiguration;
			buildSettings = {
				ALWAYS_SEARCH_USER_PATHS = NO;
				CLANG_CXX_LANGUAGE_STANDARD = "gnu++0x";
				CLANG_CXX_LIBRARY = "libc++";
				CLANG_ENABLE_MODULES = YES;
				CLANG_ENABLE_OBJC_ARC = YES;
				CLANG_WARN_BOOL_CONVERSION = YES;
				CLANG_WARN_CONSTANT_CONVERSION = YES;
				CLANG_WARN_DIRECT_OBJC_ISA_USAGE = YES_ERROR;
				CLANG_WARN_EMPTY_BODY = YES;
				CLANG_WARN_ENUM_CONVERSION = YES;
				CLANG_WARN_INT_CONVERSION = YES;
				CLANG_WARN_OBJC_ROOT_CLASS = YES_ERROR;
				CLANG_WARN_UNREACHABLE_CODE = YES;
				CLANG_WARN__DUPLICATE_METHOD_MATCH = YES;
				"CODE_SIGN_IDENTITY[sdk=iphoneos*]" = "iPhone Developer";
				COPY_PHASE_STRIP = NO;
				DEBUG_INFORMATION_FORMAT = dwarf;
				ENABLE_STRICT_OBJC_MSGSEND = YES;
				ENABLE_TESTABILITY = YES;
				GCC_C_LANGUAGE_STANDARD = gnu99;
				GCC_DYNAMIC_NO_PIC = NO;
				GCC_NO_COMMON_BLOCKS = YES;
				GCC_OPTIMIZATION_LEVEL = 0;
				GCC_PREPROCESSOR_DEFINITIONS = (
					"DEBUG=1",
					"$(inherited)",
				);
				GCC_WARN_64_TO_32_BIT_CONVERSION = YES;
				GCC_WARN_ABOUT_RETURN_TYPE = YES_ERROR;
				GCC_WARN_UNDECLARED_SELECTOR = YES;
				GCC_WARN_UNINITIALIZED_AUTOS = YES_AGGRESSIVE;
				GCC_WARN_UNUSED_FUNCTION = YES;
				GCC_WARN_UNUSED_VARIABLE = YES;
				IPHONEOS_DEPLOYMENT_TARGET = 9.0;
				MTL_ENABLE_DEBUG_INFO = YES;
				ONLY_ACTIVE_ARCH = YES;
				SDKROOT = iphoneos;
				SWIFT_OPTIMIZATION_LEVEL = "-Onone";
			};
			name = Debug;
		};
		C127BF581BC94EDA00E6A76A /* Release */ = {
			isa = XCBuildConfiguration;
			buildSettings = {
				ALWAYS_SEARCH_USER_PATHS = NO;
				CLANG_CXX_LANGUAGE_STANDARD = "gnu++0x";
				CLANG_CXX_LIBRARY = "libc++";
				CLANG_ENABLE_MODULES = YES;
				CLANG_ENABLE_OBJC_ARC = YES;
				CLANG_WARN_BOOL_CONVERSION = YES;
				CLANG_WARN_CONSTANT_CONVERSION = YES;
				CLANG_WARN_DIRECT_OBJC_ISA_USAGE = YES_ERROR;
				CLANG_WARN_EMPTY_BODY = YES;
				CLANG_WARN_ENUM_CONVERSION = YES;
				CLANG_WARN_INT_CONVERSION = YES;
				CLANG_WARN_OBJC_ROOT_CLASS = YES_ERROR;
				CLANG_WARN_UNREACHABLE_CODE = YES;
				CLANG_WARN__DUPLICATE_METHOD_MATCH = YES;
				"CODE_SIGN_IDENTITY[sdk=iphoneos*]" = "iPhone Developer";
				COPY_PHASE_STRIP = NO;
				DEBUG_INFORMATION_FORMAT = "dwarf-with-dsym";
				ENABLE_NS_ASSERTIONS = NO;
				ENABLE_STRICT_OBJC_MSGSEND = YES;
				GCC_C_LANGUAGE_STANDARD = gnu99;
				GCC_NO_COMMON_BLOCKS = YES;
				GCC_WARN_64_TO_32_BIT_CONVERSION = YES;
				GCC_WARN_ABOUT_RETURN_TYPE = YES_ERROR;
				GCC_WARN_UNDECLARED_SELECTOR = YES;
				GCC_WARN_UNINITIALIZED_AUTOS = YES_AGGRESSIVE;
				GCC_WARN_UNUSED_FUNCTION = YES;
				GCC_WARN_UNUSED_VARIABLE = YES;
				IPHONEOS_DEPLOYMENT_TARGET = 9.0;
				MTL_ENABLE_DEBUG_INFO = NO;
				SDKROOT = iphoneos;
				VALIDATE_PRODUCT = YES;
			};
			name = Release;
		};
		C127BF5A1BC94EDA00E6A76A /* Debug */ = {
			isa = XCBuildConfiguration;
			buildSettings = {
				ASSETCATALOG_COMPILER_APPICON_NAME = AppIcon;
				CODE_SIGN_IDENTITY = "iPhone Developer";
				INFOPLIST_FILE = StressMeter/Info.plist;
				LD_RUNPATH_SEARCH_PATHS = "$(inherited) @executable_path/Frameworks";
				PRODUCT_BUNDLE_IDENTIFIER = com.coolironsoftware.StressMeter;
				PRODUCT_NAME = "$(TARGET_NAME)";
			};
			name = Debug;
		};
		C127BF5B1BC94EDA00E6A76A /* Release */ = {
			isa = XCBuildConfiguration;
			buildSettings = {
				ASSETCATALOG_COMPILER_APPICON_NAME = AppIcon;
				CODE_SIGN_IDENTITY = "iPhone Developer";
				INFOPLIST_FILE = StressMeter/Info.plist;
				LD_RUNPATH_SEARCH_PATHS = "$(inherited) @executable_path/Frameworks";
				PRODUCT_BUNDLE_IDENTIFIER = com.coolironsoftware.StressMeter;
				PRODUCT_NAME = "$(TARGET_NAME)";
			};
			name = Release;
		};
/* End XCBuildConfiguration section */

/* Begin XCConfigurationList section */
		C127BF421BC94EDA00E6A76A /* Build configuration list for PBXProject "StressMeter" */ = {
			isa = XCConfigurationList;
			buildConfigurations = (
				C127BF571BC94EDA00E6A76A /* Debug */,
				C127BF581BC94EDA00E6A76A /* Release */,
			);
			defaultConfigurationIsVisible = 0;
			defaultConfigurationName = Release;
		};
		C127BF591BC94EDA00E6A76A /* Build configuration list for PBXNativeTarget "StressMeter" */ = {
			isa = XCConfigurationList;
			buildConfigurations = (
				C127BF5A1BC94EDA00E6A76A /* Debug */,
				C127BF5B1BC94EDA00E6A76A /* Release */,
			);
			defaultConfigurationIsVisible = 0;
			defaultConfigurationName = Release;
		};
/* End XCConfigurationList section */
	};
	rootObject = C127BF3F1BC94EDA00E6A76A /* Project object */;
}
